
Microsoft Visual Studio Solution File, Format Version 12.00
# Visual Studio Version 16
VisualStudioVersion = 16.0.31729.503
MinimumVisualStudioVersion = 10.0.40219.1
Project("{FAE04EC0-301F-11D3-BF4B-00C04F79EFBC}") = "EmployeePresent_", "EmployeePresent_\EmployeePresent_.csproj", "{C2B9100F-5E27-4CCA-9F35-86167CDA605B}"
EndProject
Global
	GlobalSection(SolutionConfigurationPlatforms) = preSolution
		Debug|Any CPU = Debug|Any CPU
		Release|Any CPU = Release|Any CPU
	EndGlobalSection
	GlobalSection(ProjectConfigurationPlatforms) = postSolution
		{C2B9100F-5E27-4CCA-9F35-86167CDA605B}.Debug|Any CPU.ActiveCfg = Debug|Any CPU
		{C2B9100F-5E27-4CCA-9F35-86167CDA605B}.Debug|Any CPU.Build.0 = Debug|Any CPU
		{C2B9100F-5E27-4CCA-9F35-86167CDA605B}.Release|Any CPU.ActiveCfg = Release|Any CPU
		{C2B9100F-5E27-4CCA-9F35-86167CDA605B}.Release|Any CPU.Build.0 = Release|Any CPU
	EndGlobalSection
	GlobalSection(SolutionProperties) = preSolution
		HideSolutionNode = FALSE
	EndGlobalSection
	GlobalSection(ExtensibilityGlobals) = postSolution
		SolutionGuid = {C213B52D-D5B5-41F3-AED8-D46AC4D2CBE1}
	EndGlobalSection
EndGlobal
