
Microsoft Visual Studio Solution File, Format Version 12.00
# Visual Studio Version 16
VisualStudioVersion = 16.0.31729.503
MinimumVisualStudioVersion = 10.0.40219.1
Project("{9A19103F-16F7-4668-BE54-9A1E7A4F7556}") = "uc2_employeeWage", "uc2_employeeWage.csproj", "{2A1CFD56-0D10-4E1E-BDA9-C98895594973}"
EndProject
Project("{FAE04EC0-301F-11D3-BF4B-00C04F79EFBC}") = "uc3_halfTime", "..\uc3_halfTime\uc3_halfTime.csproj", "{08F6DB13-4258-4491-937A-47637462BCC3}"
EndProject
Global
	GlobalSection(SolutionConfigurationPlatforms) = preSolution
		Debug|Any CPU = Debug|Any CPU
		Release|Any CPU = Release|Any CPU
	EndGlobalSection
	GlobalSection(ProjectConfigurationPlatforms) = postSolution
		{2A1CFD56-0D10-4E1E-BDA9-C98895594973}.Debug|Any CPU.ActiveCfg = Debug|Any CPU
		{2A1CFD56-0D10-4E1E-BDA9-C98895594973}.Debug|Any CPU.Build.0 = Debug|Any CPU
		{2A1CFD56-0D10-4E1E-BDA9-C98895594973}.Release|Any CPU.ActiveCfg = Release|Any CPU
		{2A1CFD56-0D10-4E1E-BDA9-C98895594973}.Release|Any CPU.Build.0 = Release|Any CPU
		{08F6DB13-4258-4491-937A-47637462BCC3}.Debug|Any CPU.ActiveCfg = Debug|Any CPU
		{08F6DB13-4258-4491-937A-47637462BCC3}.Debug|Any CPU.Build.0 = Debug|Any CPU
		{08F6DB13-4258-4491-937A-47637462BCC3}.Release|Any CPU.ActiveCfg = Release|Any CPU
		{08F6DB13-4258-4491-937A-47637462BCC3}.Release|Any CPU.Build.0 = Release|Any CPU
	EndGlobalSection
	GlobalSection(SolutionProperties) = preSolution
		HideSolutionNode = FALSE
	EndGlobalSection
	GlobalSection(ExtensibilityGlobals) = postSolution
		SolutionGuid = {82E66949-DDE6-438F-804E-D844F82AACEB}
	EndGlobalSection
EndGlobal
